
Microsoft Visual Studio Solution File, Format Version 12.00
# Visual Studio Version 17
VisualStudioVersion = 17.4.33205.214
MinimumVisualStudioVersion = 10.0.40219.1
Project("{FAE04EC0-301F-11D3-BF4B-00C04F79EFBC}") = "BaseProject", "BaseProject\BaseProject.csproj", "{2744950A-9674-4DE6-B7DB-15237AB0192E}"
EndProject
Global
	GlobalSection(SolutionConfigurationPlatforms) = preSolution
		Debug|Any CPU = Debug|Any CPU
		Release|Any CPU = Release|Any CPU
	EndGlobalSection
	GlobalSection(ProjectConfigurationPlatforms) = postSolution
		{2744950A-9674-4DE6-B7DB-15237AB0192E}.Debug|Any CPU.ActiveCfg = Debug|Any CPU
		{2744950A-9674-4DE6-B7DB-15237AB0192E}.Debug|Any CPU.Build.0 = Debug|Any CPU
		{2744950A-9674-4DE6-B7DB-15237AB0192E}.Release|Any CPU.ActiveCfg = Release|Any CPU
		{2744950A-9674-4DE6-B7DB-15237AB0192E}.Release|Any CPU.Build.0 = Release|Any CPU
	EndGlobalSection
	GlobalSection(SolutionProperties) = preSolution
		HideSolutionNode = FALSE
	EndGlobalSection
	GlobalSection(ExtensibilityGlobals) = postSolution
		SolutionGuid = {AEC36179-6F0E-40A7-B10F-45773FBC86DA}
	EndGlobalSection
EndGlobal
