
Microsoft Visual Studio Solution File, Format Version 12.00
# Visual Studio Version 17
VisualStudioVersion = 17.4.33205.214
MinimumVisualStudioVersion = 10.0.40219.1
Project("{9A19103F-16F7-4668-BE54-9A1E7A4F7556}") = "BaseProject", "BaseProject\BaseProject.csproj", "{2744950A-9674-4DE6-B7DB-15237AB0192E}"
EndProject
Project("{9A19103F-16F7-4668-BE54-9A1E7A4F7556}") = "webappStrategy", "webappStrategy\webappStrategy.csproj", "{7169A69B-34F4-4483-9EB4-2757F22BAC8B}"
EndProject
Project("{9A19103F-16F7-4668-BE54-9A1E7A4F7556}") = "WebAppTemplate", "WebAppTemplate\WebAppTemplate.csproj", "{09EC1B89-5D0F-445D-BB40-0E2948B20311}"
EndProject
Project("{9A19103F-16F7-4668-BE54-9A1E7A4F7556}") = "WebAppCommand", "WebAppCommand\WebAppCommand.csproj", "{5B108F7A-D4A2-41F0-90A8-924FB23BD21D}"
EndProject
Project("{9A19103F-16F7-4668-BE54-9A1E7A4F7556}") = "WebAppObserver", "WebAppObserver\WebAppObserver.csproj", "{AAE69FC1-FC88-42A8-8777-0AB359BC5053}"
EndProject
Project("{9A19103F-16F7-4668-BE54-9A1E7A4F7556}") = "WebAppChain", "WebAppChain\WebAppChain.csproj", "{7D39BBD8-E5DE-45B0-A829-EACCF7231E6D}"
EndProject
Project("{9A19103F-16F7-4668-BE54-9A1E7A4F7556}") = "WebAppComposite", "WebAppComposite\WebAppComposite.csproj", "{0C55DCEF-1B5A-4B9B-B35F-ADDE942EB9D9}"
EndProject
Project("{9A19103F-16F7-4668-BE54-9A1E7A4F7556}") = "WebAppDecorator", "WebAppDecorator\WebAppDecorator.csproj", "{ECF0E407-E30D-4142-8F89-B1FD4F7F0E5F}"
EndProject
Global
	GlobalSection(SolutionConfigurationPlatforms) = preSolution
		Debug|Any CPU = Debug|Any CPU
		Release|Any CPU = Release|Any CPU
	EndGlobalSection
	GlobalSection(ProjectConfigurationPlatforms) = postSolution
		{2744950A-9674-4DE6-B7DB-15237AB0192E}.Debug|Any CPU.ActiveCfg = Debug|Any CPU
		{2744950A-9674-4DE6-B7DB-15237AB0192E}.Debug|Any CPU.Build.0 = Debug|Any CPU
		{2744950A-9674-4DE6-B7DB-15237AB0192E}.Release|Any CPU.ActiveCfg = Release|Any CPU
		{2744950A-9674-4DE6-B7DB-15237AB0192E}.Release|Any CPU.Build.0 = Release|Any CPU
		{7169A69B-34F4-4483-9EB4-2757F22BAC8B}.Debug|Any CPU.ActiveCfg = Debug|Any CPU
		{7169A69B-34F4-4483-9EB4-2757F22BAC8B}.Debug|Any CPU.Build.0 = Debug|Any CPU
		{7169A69B-34F4-4483-9EB4-2757F22BAC8B}.Release|Any CPU.ActiveCfg = Release|Any CPU
		{7169A69B-34F4-4483-9EB4-2757F22BAC8B}.Release|Any CPU.Build.0 = Release|Any CPU
		{09EC1B89-5D0F-445D-BB40-0E2948B20311}.Debug|Any CPU.ActiveCfg = Debug|Any CPU
		{09EC1B89-5D0F-445D-BB40-0E2948B20311}.Debug|Any CPU.Build.0 = Debug|Any CPU
		{09EC1B89-5D0F-445D-BB40-0E2948B20311}.Release|Any CPU.ActiveCfg = Release|Any CPU
		{09EC1B89-5D0F-445D-BB40-0E2948B20311}.Release|Any CPU.Build.0 = Release|Any CPU
		{5B108F7A-D4A2-41F0-90A8-924FB23BD21D}.Debug|Any CPU.ActiveCfg = Debug|Any CPU
		{5B108F7A-D4A2-41F0-90A8-924FB23BD21D}.Debug|Any CPU.Build.0 = Debug|Any CPU
		{5B108F7A-D4A2-41F0-90A8-924FB23BD21D}.Release|Any CPU.ActiveCfg = Release|Any CPU
		{5B108F7A-D4A2-41F0-90A8-924FB23BD21D}.Release|Any CPU.Build.0 = Release|Any CPU
		{AAE69FC1-FC88-42A8-8777-0AB359BC5053}.Debug|Any CPU.ActiveCfg = Debug|Any CPU
		{AAE69FC1-FC88-42A8-8777-0AB359BC5053}.Debug|Any CPU.Build.0 = Debug|Any CPU
		{AAE69FC1-FC88-42A8-8777-0AB359BC5053}.Release|Any CPU.ActiveCfg = Release|Any CPU
		{AAE69FC1-FC88-42A8-8777-0AB359BC5053}.Release|Any CPU.Build.0 = Release|Any CPU
		{7D39BBD8-E5DE-45B0-A829-EACCF7231E6D}.Debug|Any CPU.ActiveCfg = Debug|Any CPU
		{7D39BBD8-E5DE-45B0-A829-EACCF7231E6D}.Debug|Any CPU.Build.0 = Debug|Any CPU
		{7D39BBD8-E5DE-45B0-A829-EACCF7231E6D}.Release|Any CPU.ActiveCfg = Release|Any CPU
		{7D39BBD8-E5DE-45B0-A829-EACCF7231E6D}.Release|Any CPU.Build.0 = Release|Any CPU
		{0C55DCEF-1B5A-4B9B-B35F-ADDE942EB9D9}.Debug|Any CPU.ActiveCfg = Debug|Any CPU
		{0C55DCEF-1B5A-4B9B-B35F-ADDE942EB9D9}.Debug|Any CPU.Build.0 = Debug|Any CPU
		{0C55DCEF-1B5A-4B9B-B35F-ADDE942EB9D9}.Release|Any CPU.ActiveCfg = Release|Any CPU
		{0C55DCEF-1B5A-4B9B-B35F-ADDE942EB9D9}.Release|Any CPU.Build.0 = Release|Any CPU
		{ECF0E407-E30D-4142-8F89-B1FD4F7F0E5F}.Debug|Any CPU.ActiveCfg = Debug|Any CPU
		{ECF0E407-E30D-4142-8F89-B1FD4F7F0E5F}.Debug|Any CPU.Build.0 = Debug|Any CPU
		{ECF0E407-E30D-4142-8F89-B1FD4F7F0E5F}.Release|Any CPU.ActiveCfg = Release|Any CPU
		{ECF0E407-E30D-4142-8F89-B1FD4F7F0E5F}.Release|Any CPU.Build.0 = Release|Any CPU
	EndGlobalSection
	GlobalSection(SolutionProperties) = preSolution
		HideSolutionNode = FALSE
	EndGlobalSection
	GlobalSection(ExtensibilityGlobals) = postSolution
		SolutionGuid = {AEC36179-6F0E-40A7-B10F-45773FBC86DA}
	EndGlobalSection
EndGlobal
